# This file was autogenerated by Stack.
# You should not edit this file by hand.
# For more information, please see the documentation at:
#   https://docs.haskellstack.org/en/stable/lock_files

packages:
- completed:
    name: base
    version: 4.9.1.0
    git: https://github.com/AntonXue/base-4.9.1.0
    pantry-tree:
      size: 15949
      sha256: f256016a11e374f3098cfef86083fda095ebfd90f044866c10d3e6cdd9e884ad
    commit: 181659eb6605f52a926ba4df0399e63ece3b4c61
  original:
    git: https://github.com/AntonXue/base-4.9.1.0
    commit: 181659eb6605f52a926ba4df0399e63ece3b4c61
- completed:
    hackage: g2-0.1.0.1@sha256:af885c7b0f36bde2b1712fee7c809cf579f7081c6dce77a918ade85bd5effaf4,9939
    pantry-tree:
      size: 8614
      sha256: 26b564465458f21079b997d4a22ad9beea25e12930ef7a29751503c50797355f
  original:
    hackage: g2-0.1.0.1@sha256:af885c7b0f36bde2b1712fee7c809cf579f7081c6dce77a918ade85bd5effaf4,9939
snapshots:
- completed:
    size: 527836
    url: https://raw.githubusercontent.com/commercialhaskell/stackage-snapshots/master/lts/11/22.yaml
    sha256: 341870ac98d8a9f8f77c4adf2e9e0b22063e264a7fbeb4c85b7af5f380dac60e
  original: lts-11.22
